
Microsoft Visual Studio Solution File, Format Version 12.00
# Visual Studio Version 16
VisualStudioVersion = 16.0.30907.101
MinimumVisualStudioVersion = 10.0.40219.1
Project("{9A19103F-16F7-4668-BE54-9A1E7A4F7556}") = "MVVC_Forms", "MVVC_Forms\MVVC_Forms.csproj", "{1683E616-80BA-48FF-BAEB-2F0D87993470}"
EndProject
Global
	GlobalSection(SolutionConfigurationPlatforms) = preSolution
		Debug|Any CPU = Debug|Any CPU
		Release|Any CPU = Release|Any CPU
	EndGlobalSection
	GlobalSection(ProjectConfigurationPlatforms) = postSolution
		{1683E616-80BA-48FF-BAEB-2F0D87993470}.Debug|Any CPU.ActiveCfg = Debug|Any CPU
		{1683E616-80BA-48FF-BAEB-2F0D87993470}.Debug|Any CPU.Build.0 = Debug|Any CPU
		{1683E616-80BA-48FF-BAEB-2F0D87993470}.Release|Any CPU.ActiveCfg = Release|Any CPU
		{1683E616-80BA-48FF-BAEB-2F0D87993470}.Release|Any CPU.Build.0 = Release|Any CPU
	EndGlobalSection
	GlobalSection(SolutionProperties) = preSolution
		HideSolutionNode = FALSE
	EndGlobalSection
	GlobalSection(ExtensibilityGlobals) = postSolution
		SolutionGuid = {C26260DB-EB3B-4F0E-8FBB-CD341EABB4A3}
	EndGlobalSection
EndGlobal
